// !$*UTF8*$!
{
	archiveVersion = 1;
	classes = {
	};
	objectVersion = 46;
	objects = {

/* Begin PBXAggregateTarget section */
		24416B8111C4CA220047AFDD /* Build & Test */ = {
			isa = PBXAggregateTarget;
			buildConfigurationList = 24416B8A11C4CA520047AFDD /* Build configuration list for PBXAggregateTarget "Build & Test" */;
			buildPhases = (
				24416B8011C4CA220047AFDD /* ShellScript */,
			);
			dependencies = (
				24416B8511C4CA280047AFDD /* PBXTargetDependency */,
			);
			name = "Build & Test";
			productName = "Build & test";
		};
/* End PBXAggregateTarget section */

/* Begin PBXBuildFile section */
		24DD6CF91134B3F500162E58 /* NetImthinkerTiAlternatejsonModule.h in Headers */ = {isa = PBXBuildFile; fileRef = 24DD6CF71134B3F500162E58 /* NetImthinkerTiAlternatejsonModule.h */; };
		24DD6CFA1134B3F500162E58 /* NetImthinkerTiAlternatejsonModule.m in Sources */ = {isa = PBXBuildFile; fileRef = 24DD6CF81134B3F500162E58 /* NetImthinkerTiAlternatejsonModule.m */; };
		24DE9E1111C5FE74003F90F6 /* NetImthinkerTiAlternatejsonModuleAssets.h in Headers */ = {isa = PBXBuildFile; fileRef = 24DE9E0F11C5FE74003F90F6 /* NetImthinkerTiAlternatejsonModuleAssets.h */; };
		24DE9E1211C5FE74003F90F6 /* NetImthinkerTiAlternatejsonModuleAssets.m in Sources */ = {isa = PBXBuildFile; fileRef = 24DE9E1011C5FE74003F90F6 /* NetImthinkerTiAlternatejsonModuleAssets.m */; };
		AA747D9F0F9514B9006C5449 /* NetImthinkerTiAlternatejson_Prefix.pch in Headers */ = {isa = PBXBuildFile; fileRef = AA747D9E0F9514B9006C5449 /* NetImthinkerTiAlternatejson_Prefix.pch */; };
		AACBBE4A0F95108600F1A2B1 /* Foundation.framework in Frameworks */ = {isa = PBXBuildFile; fileRef = AACBBE490F95108600F1A2B1 /* Foundation.framework */; };
		BD267CB6180035F5005166A5 /* NSObject+SBJson.h in Headers */ = {isa = PBXBuildFile; fileRef = BD267C9D180035F5005166A5 /* NSObject+SBJson.h */; };
		BD267CB7180035F5005166A5 /* NSObject+SBJson.m in Sources */ = {isa = PBXBuildFile; fileRef = BD267C9E180035F5005166A5 /* NSObject+SBJson.m */; settings = {COMPILER_FLAGS = "-fobjc-arc"; }; };
		BD267CB8180035F5005166A5 /* SBJson.h in Headers */ = {isa = PBXBuildFile; fileRef = BD267C9F180035F5005166A5 /* SBJson.h */; };
		BD267CB9180035F5005166A5 /* SBJsonParser.h in Headers */ = {isa = PBXBuildFile; fileRef = BD267CA0180035F5005166A5 /* SBJsonParser.h */; };
		BD267CBA180035F5005166A5 /* SBJsonParser.m in Sources */ = {isa = PBXBuildFile; fileRef = BD267CA1180035F5005166A5 /* SBJsonParser.m */; settings = {COMPILER_FLAGS = "-fobjc-arc"; }; };
		BD267CBB180035F5005166A5 /* SBJsonStreamParser.h in Headers */ = {isa = PBXBuildFile; fileRef = BD267CA2180035F5005166A5 /* SBJsonStreamParser.h */; };
		BD267CBC180035F5005166A5 /* SBJsonStreamParser.m in Sources */ = {isa = PBXBuildFile; fileRef = BD267CA3180035F5005166A5 /* SBJsonStreamParser.m */; settings = {COMPILER_FLAGS = "-fobjc-arc"; }; };
		BD267CBD180035F5005166A5 /* SBJsonStreamParserAccumulator.h in Headers */ = {isa = PBXBuildFile; fileRef = BD267CA4180035F5005166A5 /* SBJsonStreamParserAccumulator.h */; };
		BD267CBE180035F5005166A5 /* SBJsonStreamParserAccumulator.m in Sources */ = {isa = PBXBuildFile; fileRef = BD267CA5180035F5005166A5 /* SBJsonStreamParserAccumulator.m */; settings = {COMPILER_FLAGS = "-fobjc-arc"; }; };
		BD267CBF180035F5005166A5 /* SBJsonStreamParserAdapter.h in Headers */ = {isa = PBXBuildFile; fileRef = BD267CA6180035F5005166A5 /* SBJsonStreamParserAdapter.h */; };
		BD267CC0180035F5005166A5 /* SBJsonStreamParserAdapter.m in Sources */ = {isa = PBXBuildFile; fileRef = BD267CA7180035F5005166A5 /* SBJsonStreamParserAdapter.m */; settings = {COMPILER_FLAGS = "-fobjc-arc"; }; };
		BD267CC1180035F5005166A5 /* SBJsonStreamParserState.h in Headers */ = {isa = PBXBuildFile; fileRef = BD267CA8180035F5005166A5 /* SBJsonStreamParserState.h */; };
		BD267CC2180035F5005166A5 /* SBJsonStreamParserState.m in Sources */ = {isa = PBXBuildFile; fileRef = BD267CA9180035F5005166A5 /* SBJsonStreamParserState.m */; settings = {COMPILER_FLAGS = "-fobjc-arc"; }; };
		BD267CC3180035F5005166A5 /* SBJsonStreamWriter.h in Headers */ = {isa = PBXBuildFile; fileRef = BD267CAA180035F5005166A5 /* SBJsonStreamWriter.h */; };
		BD267CC4180035F5005166A5 /* SBJsonStreamWriter.m in Sources */ = {isa = PBXBuildFile; fileRef = BD267CAB180035F5005166A5 /* SBJsonStreamWriter.m */; settings = {COMPILER_FLAGS = "-fobjc-arc"; }; };
		BD267CC5180035F5005166A5 /* SBJsonStreamWriterAccumulator.h in Headers */ = {isa = PBXBuildFile; fileRef = BD267CAC180035F5005166A5 /* SBJsonStreamWriterAccumulator.h */; };
		BD267CC6180035F5005166A5 /* SBJsonStreamWriterAccumulator.m in Sources */ = {isa = PBXBuildFile; fileRef = BD267CAD180035F5005166A5 /* SBJsonStreamWriterAccumulator.m */; settings = {COMPILER_FLAGS = "-fobjc-arc"; }; };
		BD267CC7180035F5005166A5 /* SBJsonStreamWriterState.h in Headers */ = {isa = PBXBuildFile; fileRef = BD267CAE180035F5005166A5 /* SBJsonStreamWriterState.h */; };
		BD267CC8180035F5005166A5 /* SBJsonStreamWriterState.m in Sources */ = {isa = PBXBuildFile; fileRef = BD267CAF180035F5005166A5 /* SBJsonStreamWriterState.m */; settings = {COMPILER_FLAGS = "-fobjc-arc"; }; };
		BD267CC9180035F5005166A5 /* SBJsonTokeniser.h in Headers */ = {isa = PBXBuildFile; fileRef = BD267CB0180035F5005166A5 /* SBJsonTokeniser.h */; };
		BD267CCA180035F5005166A5 /* SBJsonTokeniser.m in Sources */ = {isa = PBXBuildFile; fileRef = BD267CB1180035F5005166A5 /* SBJsonTokeniser.m */; settings = {COMPILER_FLAGS = "-fobjc-arc"; }; };
		BD267CCB180035F5005166A5 /* SBJsonUTF8Stream.h in Headers */ = {isa = PBXBuildFile; fileRef = BD267CB2180035F5005166A5 /* SBJsonUTF8Stream.h */; };
		BD267CCC180035F5005166A5 /* SBJsonUTF8Stream.m in Sources */ = {isa = PBXBuildFile; fileRef = BD267CB3180035F5005166A5 /* SBJsonUTF8Stream.m */; settings = {COMPILER_FLAGS = "-fobjc-arc"; }; };
		BD267CCD180035F5005166A5 /* SBJsonWriter.h in Headers */ = {isa = PBXBuildFile; fileRef = BD267CB4180035F5005166A5 /* SBJsonWriter.h */; };
		BD267CCE180035F5005166A5 /* SBJsonWriter.m in Sources */ = {isa = PBXBuildFile; fileRef = BD267CB5180035F5005166A5 /* SBJsonWriter.m */; settings = {COMPILER_FLAGS = "-fobjc-arc"; }; };
		BD5AB76F1800273700116F0D /* JSONKit.h in Headers */ = {isa = PBXBuildFile; fileRef = BD5AB76C1800273700116F0D /* JSONKit.h */; };
		BD5AB7701800273700116F0D /* JSONKit.m in Sources */ = {isa = PBXBuildFile; fileRef = BD5AB76D1800273700116F0D /* JSONKit.m */; settings = {COMPILER_FLAGS = "-fno-objc-arc"; }; };
/* End PBXBuildFile section */

/* Begin PBXContainerItemProxy section */
		24416B8411C4CA280047AFDD /* PBXContainerItemProxy */ = {
			isa = PBXContainerItemProxy;
			containerPortal = 0867D690FE84028FC02AAC07 /* Project object */;
			proxyType = 1;
			remoteGlobalIDString = D2AAC07D0554694100DB518D;
			remoteInfo = TiAlternateJSON;
		};
/* End PBXContainerItemProxy section */

/* Begin PBXFileReference section */
		24DD6CF71134B3F500162E58 /* NetImthinkerTiAlternatejsonModule.h */ = {isa = PBXFileReference; fileEncoding = 4; lastKnownFileType = sourcecode.c.h; name = NetImthinkerTiAlternatejsonModule.h; path = Classes/NetImthinkerTiAlternatejsonModule.h; sourceTree = "<group>"; };
		24DD6CF81134B3F500162E58 /* NetImthinkerTiAlternatejsonModule.m */ = {isa = PBXFileReference; fileEncoding = 4; lastKnownFileType = sourcecode.c.objc; name = NetImthinkerTiAlternatejsonModule.m; path = Classes/NetImthinkerTiAlternatejsonModule.m; sourceTree = "<group>"; };
		24DD6D1B1134B66800162E58 /* titanium.xcconfig */ = {isa = PBXFileReference; fileEncoding = 4; lastKnownFileType = text.xcconfig; path = titanium.xcconfig; sourceTree = "<group>"; };
		24DE9E0F11C5FE74003F90F6 /* NetImthinkerTiAlternatejsonModuleAssets.h */ = {isa = PBXFileReference; fileEncoding = 4; lastKnownFileType = sourcecode.c.h; name = NetImthinkerTiAlternatejsonModuleAssets.h; path = Classes/NetImthinkerTiAlternatejsonModuleAssets.h; sourceTree = "<group>"; };
		24DE9E1011C5FE74003F90F6 /* NetImthinkerTiAlternatejsonModuleAssets.m */ = {isa = PBXFileReference; fileEncoding = 4; lastKnownFileType = sourcecode.c.objc; name = NetImthinkerTiAlternatejsonModuleAssets.m; path = Classes/NetImthinkerTiAlternatejsonModuleAssets.m; sourceTree = "<group>"; };
		AA747D9E0F9514B9006C5449 /* NetImthinkerTiAlternatejson_Prefix.pch */ = {isa = PBXFileReference; fileEncoding = 4; lastKnownFileType = sourcecode.c.h; path = NetImthinkerTiAlternatejson_Prefix.pch; sourceTree = SOURCE_ROOT; };
		AACBBE490F95108600F1A2B1 /* Foundation.framework */ = {isa = PBXFileReference; lastKnownFileType = wrapper.framework; name = Foundation.framework; path = System/Library/Frameworks/Foundation.framework; sourceTree = SDKROOT; };
		BD267C9D180035F5005166A5 /* NSObject+SBJson.h */ = {isa = PBXFileReference; fileEncoding = 4; lastKnownFileType = sourcecode.c.h; path = "NSObject+SBJson.h"; sourceTree = "<group>"; };
		BD267C9E180035F5005166A5 /* NSObject+SBJson.m */ = {isa = PBXFileReference; fileEncoding = 4; lastKnownFileType = sourcecode.c.objc; path = "NSObject+SBJson.m"; sourceTree = "<group>"; };
		BD267C9F180035F5005166A5 /* SBJson.h */ = {isa = PBXFileReference; fileEncoding = 4; lastKnownFileType = sourcecode.c.h; path = SBJson.h; sourceTree = "<group>"; };
		BD267CA0180035F5005166A5 /* SBJsonParser.h */ = {isa = PBXFileReference; fileEncoding = 4; lastKnownFileType = sourcecode.c.h; path = SBJsonParser.h; sourceTree = "<group>"; };
		BD267CA1180035F5005166A5 /* SBJsonParser.m */ = {isa = PBXFileReference; fileEncoding = 4; lastKnownFileType = sourcecode.c.objc; path = SBJsonParser.m; sourceTree = "<group>"; };
		BD267CA2180035F5005166A5 /* SBJsonStreamParser.h */ = {isa = PBXFileReference; fileEncoding = 4; lastKnownFileType = sourcecode.c.h; path = SBJsonStreamParser.h; sourceTree = "<group>"; };
		BD267CA3180035F5005166A5 /* SBJsonStreamParser.m */ = {isa = PBXFileReference; fileEncoding = 4; lastKnownFileType = sourcecode.c.objc; path = SBJsonStreamParser.m; sourceTree = "<group>"; };
		BD267CA4180035F5005166A5 /* SBJsonStreamParserAccumulator.h */ = {isa = PBXFileReference; fileEncoding = 4; lastKnownFileType = sourcecode.c.h; path = SBJsonStreamParserAccumulator.h; sourceTree = "<group>"; };
		BD267CA5180035F5005166A5 /* SBJsonStreamParserAccumulator.m */ = {isa = PBXFileReference; fileEncoding = 4; lastKnownFileType = sourcecode.c.objc; path = SBJsonStreamParserAccumulator.m; sourceTree = "<group>"; };
		BD267CA6180035F5005166A5 /* SBJsonStreamParserAdapter.h */ = {isa = PBXFileReference; fileEncoding = 4; lastKnownFileType = sourcecode.c.h; path = SBJsonStreamParserAdapter.h; sourceTree = "<group>"; };
		BD267CA7180035F5005166A5 /* SBJsonStreamParserAdapter.m */ = {isa = PBXFileReference; fileEncoding = 4; lastKnownFileType = sourcecode.c.objc; path = SBJsonStreamParserAdapter.m; sourceTree = "<group>"; };
		BD267CA8180035F5005166A5 /* SBJsonStreamParserState.h */ = {isa = PBXFileReference; fileEncoding = 4; lastKnownFileType = sourcecode.c.h; path = SBJsonStreamParserState.h; sourceTree = "<group>"; };
		BD267CA9180035F5005166A5 /* SBJsonStreamParserState.m */ = {isa = PBXFileReference; fileEncoding = 4; lastKnownFileType = sourcecode.c.objc; path = SBJsonStreamParserState.m; sourceTree = "<group>"; };
		BD267CAA180035F5005166A5 /* SBJsonStreamWriter.h */ = {isa = PBXFileReference; fileEncoding = 4; lastKnownFileType = sourcecode.c.h; path = SBJsonStreamWriter.h; sourceTree = "<group>"; };
		BD267CAB180035F5005166A5 /* SBJsonStreamWriter.m */ = {isa = PBXFileReference; fileEncoding = 4; lastKnownFileType = sourcecode.c.objc; path = SBJsonStreamWriter.m; sourceTree = "<group>"; };
		BD267CAC180035F5005166A5 /* SBJsonStreamWriterAccumulator.h */ = {isa = PBXFileReference; fileEncoding = 4; lastKnownFileType = sourcecode.c.h; path = SBJsonStreamWriterAccumulator.h; sourceTree = "<group>"; };
		BD267CAD180035F5005166A5 /* SBJsonStreamWriterAccumulator.m */ = {isa = PBXFileReference; fileEncoding = 4; lastKnownFileType = sourcecode.c.objc; path = SBJsonStreamWriterAccumulator.m; sourceTree = "<group>"; };
		BD267CAE180035F5005166A5 /* SBJsonStreamWriterState.h */ = {isa = PBXFileReference; fileEncoding = 4; lastKnownFileType = sourcecode.c.h; path = SBJsonStreamWriterState.h; sourceTree = "<group>"; };
		BD267CAF180035F5005166A5 /* SBJsonStreamWriterState.m */ = {isa = PBXFileReference; fileEncoding = 4; lastKnownFileType = sourcecode.c.objc; path = SBJsonStreamWriterState.m; sourceTree = "<group>"; };
		BD267CB0180035F5005166A5 /* SBJsonTokeniser.h */ = {isa = PBXFileReference; fileEncoding = 4; lastKnownFileType = sourcecode.c.h; path = SBJsonTokeniser.h; sourceTree = "<group>"; };
		BD267CB1180035F5005166A5 /* SBJsonTokeniser.m */ = {isa = PBXFileReference; fileEncoding = 4; lastKnownFileType = sourcecode.c.objc; path = SBJsonTokeniser.m; sourceTree = "<group>"; };
		BD267CB2180035F5005166A5 /* SBJsonUTF8Stream.h */ = {isa = PBXFileReference; fileEncoding = 4; lastKnownFileType = sourcecode.c.h; path = SBJsonUTF8Stream.h; sourceTree = "<group>"; };
		BD267CB3180035F5005166A5 /* SBJsonUTF8Stream.m */ = {isa = PBXFileReference; fileEncoding = 4; lastKnownFileType = sourcecode.c.objc; path = SBJsonUTF8Stream.m; sourceTree = "<group>"; };
		BD267CB4180035F5005166A5 /* SBJsonWriter.h */ = {isa = PBXFileReference; fileEncoding = 4; lastKnownFileType = sourcecode.c.h; path = SBJsonWriter.h; sourceTree = "<group>"; };
		BD267CB5180035F5005166A5 /* SBJsonWriter.m */ = {isa = PBXFileReference; fileEncoding = 4; lastKnownFileType = sourcecode.c.objc; path = SBJsonWriter.m; sourceTree = "<group>"; };
		BD5AB76B1800273700116F0D /* CHANGELOG.md */ = {isa = PBXFileReference; fileEncoding = 4; lastKnownFileType = text; path = CHANGELOG.md; sourceTree = "<group>"; };
		BD5AB76C1800273700116F0D /* JSONKit.h */ = {isa = PBXFileReference; fileEncoding = 4; lastKnownFileType = sourcecode.c.h; path = JSONKit.h; sourceTree = "<group>"; };
		BD5AB76D1800273700116F0D /* JSONKit.m */ = {isa = PBXFileReference; fileEncoding = 4; lastKnownFileType = sourcecode.c.objc; path = JSONKit.m; sourceTree = "<group>"; };
		BD5AB76E1800273700116F0D /* README.md */ = {isa = PBXFileReference; fileEncoding = 4; lastKnownFileType = text; path = README.md; sourceTree = "<group>"; };
		D2AAC07E0554694100DB518D /* libNetImthinkerTiAlternatejson.a */ = {isa = PBXFileReference; explicitFileType = archive.ar; includeInIndex = 0; path = libNetImthinkerTiAlternatejson.a; sourceTree = BUILT_PRODUCTS_DIR; };
/* End PBXFileReference section */

/* Begin PBXFrameworksBuildPhase section */
		D2AAC07C0554694100DB518D /* Frameworks */ = {
			isa = PBXFrameworksBuildPhase;
			buildActionMask = 2147483647;
			files = (
				AACBBE4A0F95108600F1A2B1 /* Foundation.framework in Frameworks */,
			);
			runOnlyForDeploymentPostprocessing = 0;
		};
/* End PBXFrameworksBuildPhase section */

/* Begin PBXGroup section */
		034768DFFF38A50411DB9C8B /* Products */ = {
			isa = PBXGroup;
			children = (
				D2AAC07E0554694100DB518D /* libNetImthinkerTiAlternatejson.a */,
			);
			name = Products;
			sourceTree = "<group>";
		};
		0867D691FE84028FC02AAC07 /* TiAlternateJSON */ = {
			isa = PBXGroup;
			children = (
				08FB77AEFE84172EC02AAC07 /* Classes */,
				32C88DFF0371C24200C91783 /* Other Sources */,
				0867D69AFE84028FC02AAC07 /* Frameworks */,
				034768DFFF38A50411DB9C8B /* Products */,
			);
			name = TiAlternateJSON;
			sourceTree = "<group>";
		};
		0867D69AFE84028FC02AAC07 /* Frameworks */ = {
			isa = PBXGroup;
			children = (
				AACBBE490F95108600F1A2B1 /* Foundation.framework */,
			);
			name = Frameworks;
			sourceTree = "<group>";
		};
		08FB77AEFE84172EC02AAC07 /* Classes */ = {
			isa = PBXGroup;
			children = (
				24DE9E0F11C5FE74003F90F6 /* NetImthinkerTiAlternatejsonModuleAssets.h */,
				24DE9E1011C5FE74003F90F6 /* NetImthinkerTiAlternatejsonModuleAssets.m */,
				24DD6CF71134B3F500162E58 /* NetImthinkerTiAlternatejsonModule.h */,
				24DD6CF81134B3F500162E58 /* NetImthinkerTiAlternatejsonModule.m */,
			);
			name = Classes;
			sourceTree = "<group>";
		};
		32C88DFF0371C24200C91783 /* Other Sources */ = {
			isa = PBXGroup;
			children = (
				BD267C9C180035F5005166A5 /* SBJson */,
				BD5AB76A1800273700116F0D /* JSONKit */,
				AA747D9E0F9514B9006C5449 /* NetImthinkerTiAlternatejson_Prefix.pch */,
				24DD6D1B1134B66800162E58 /* titanium.xcconfig */,
			);
			name = "Other Sources";
			sourceTree = "<group>";
		};
		BD267C9C180035F5005166A5 /* SBJson */ = {
			isa = PBXGroup;
			children = (
				BD267C9D180035F5005166A5 /* NSObject+SBJson.h */,
				BD267C9E180035F5005166A5 /* NSObject+SBJson.m */,
				BD267C9F180035F5005166A5 /* SBJson.h */,
				BD267CA0180035F5005166A5 /* SBJsonParser.h */,
				BD267CA1180035F5005166A5 /* SBJsonParser.m */,
				BD267CA2180035F5005166A5 /* SBJsonStreamParser.h */,
				BD267CA3180035F5005166A5 /* SBJsonStreamParser.m */,
				BD267CA4180035F5005166A5 /* SBJsonStreamParserAccumulator.h */,
				BD267CA5180035F5005166A5 /* SBJsonStreamParserAccumulator.m */,
				BD267CA6180035F5005166A5 /* SBJsonStreamParserAdapter.h */,
				BD267CA7180035F5005166A5 /* SBJsonStreamParserAdapter.m */,
				BD267CA8180035F5005166A5 /* SBJsonStreamParserState.h */,
				BD267CA9180035F5005166A5 /* SBJsonStreamParserState.m */,
				BD267CAA180035F5005166A5 /* SBJsonStreamWriter.h */,
				BD267CAB180035F5005166A5 /* SBJsonStreamWriter.m */,
				BD267CAC180035F5005166A5 /* SBJsonStreamWriterAccumulator.h */,
				BD267CAD180035F5005166A5 /* SBJsonStreamWriterAccumulator.m */,
				BD267CAE180035F5005166A5 /* SBJsonStreamWriterState.h */,
				BD267CAF180035F5005166A5 /* SBJsonStreamWriterState.m */,
				BD267CB0180035F5005166A5 /* SBJsonTokeniser.h */,
				BD267CB1180035F5005166A5 /* SBJsonTokeniser.m */,
				BD267CB2180035F5005166A5 /* SBJsonUTF8Stream.h */,
				BD267CB3180035F5005166A5 /* SBJsonUTF8Stream.m */,
				BD267CB4180035F5005166A5 /* SBJsonWriter.h */,
				BD267CB5180035F5005166A5 /* SBJsonWriter.m */,
			);
			path = SBJson;
			sourceTree = "<group>";
		};
		BD5AB76A1800273700116F0D /* JSONKit */ = {
			isa = PBXGroup;
			children = (
				BD5AB76B1800273700116F0D /* CHANGELOG.md */,
				BD5AB76C1800273700116F0D /* JSONKit.h */,
				BD5AB76D1800273700116F0D /* JSONKit.m */,
				BD5AB76E1800273700116F0D /* README.md */,
			);
			path = JSONKit;
			sourceTree = "<group>";
		};
/* End PBXGroup section */

/* Begin PBXHeadersBuildPhase section */
		D2AAC07A0554694100DB518D /* Headers */ = {
			isa = PBXHeadersBuildPhase;
			buildActionMask = 2147483647;
			files = (
				BD267CC5180035F5005166A5 /* SBJsonStreamWriterAccumulator.h in Headers */,
				BD267CC1180035F5005166A5 /* SBJsonStreamParserState.h in Headers */,
				AA747D9F0F9514B9006C5449 /* NetImthinkerTiAlternatejson_Prefix.pch in Headers */,
				BD5AB76F1800273700116F0D /* JSONKit.h in Headers */,
				BD267CBB180035F5005166A5 /* SBJsonStreamParser.h in Headers */,
				24DD6CF91134B3F500162E58 /* NetImthinkerTiAlternatejsonModule.h in Headers */,
				BD267CC7180035F5005166A5 /* SBJsonStreamWriterState.h in Headers */,
				BD267CB9180035F5005166A5 /* SBJsonParser.h in Headers */,
				BD267CC3180035F5005166A5 /* SBJsonStreamWriter.h in Headers */,
				BD267CBD180035F5005166A5 /* SBJsonStreamParserAccumulator.h in Headers */,
				BD267CCB180035F5005166A5 /* SBJsonUTF8Stream.h in Headers */,
				BD267CBF180035F5005166A5 /* SBJsonStreamParserAdapter.h in Headers */,
				BD267CC9180035F5005166A5 /* SBJsonTokeniser.h in Headers */,
				BD267CB6180035F5005166A5 /* NSObject+SBJson.h in Headers */,
				BD267CCD180035F5005166A5 /* SBJsonWriter.h in Headers */,
				24DE9E1111C5FE74003F90F6 /* NetImthinkerTiAlternatejsonModuleAssets.h in Headers */,
				BD267CB8180035F5005166A5 /* SBJson.h in Headers */,
			);
			runOnlyForDeploymentPostprocessing = 0;
		};
/* End PBXHeadersBuildPhase section */

/* Begin PBXNativeTarget section */
		D2AAC07D0554694100DB518D /* TiAlternateJSON */ = {
			isa = PBXNativeTarget;
			buildConfigurationList = 1DEB921E08733DC00010E9CD /* Build configuration list for PBXNativeTarget "TiAlternateJSON" */;
			buildPhases = (
				D2AAC07A0554694100DB518D /* Headers */,
				D2AAC07B0554694100DB518D /* Sources */,
				D2AAC07C0554694100DB518D /* Frameworks */,
			);
			buildRules = (
			);
			dependencies = (
			);
			name = TiAlternateJSON;
			productName = TiAlternateJSON;
			productReference = D2AAC07E0554694100DB518D /* libNetImthinkerTiAlternatejson.a */;
			productType = "com.apple.product-type.library.static";
		};
/* End PBXNativeTarget section */

/* Begin PBXProject section */
		0867D690FE84028FC02AAC07 /* Project object */ = {
			isa = PBXProject;
			attributes = {
				LastUpgradeCheck = 0500;
			};
			buildConfigurationList = 1DEB922208733DC00010E9CD /* Build configuration list for PBXProject "TiAlternateJSON" */;
			compatibilityVersion = "Xcode 3.2";
			developmentRegion = English;
			hasScannedForEncodings = 1;
			knownRegions = (
				English,
				Japanese,
				French,
				German,
			);
			mainGroup = 0867D691FE84028FC02AAC07 /* TiAlternateJSON */;
			productRefGroup = 034768DFFF38A50411DB9C8B /* Products */;
			projectDirPath = "";
			projectRoot = "";
			targets = (
				D2AAC07D0554694100DB518D /* TiAlternateJSON */,
				24416B8111C4CA220047AFDD /* Build & Test */,
			);
		};
/* End PBXProject section */

/* Begin PBXShellScriptBuildPhase section */
		24416B8011C4CA220047AFDD /* ShellScript */ = {
			isa = PBXShellScriptBuildPhase;
			buildActionMask = 2147483647;
			files = (
			);
			inputPaths = (
			);
			outputPaths = (
			);
			runOnlyForDeploymentPostprocessing = 0;
			shellPath = /bin/sh;
			shellScript = "# shell script goes here\n\npython \"${TITANIUM_SDK}/titanium.py\" run --dir=\"${PROJECT_DIR}\"\nexit $?\n";
		};
/* End PBXShellScriptBuildPhase section */

/* Begin PBXSourcesBuildPhase section */
		D2AAC07B0554694100DB518D /* Sources */ = {
			isa = PBXSourcesBuildPhase;
			buildActionMask = 2147483647;
			files = (
				24DD6CFA1134B3F500162E58 /* NetImthinkerTiAlternatejsonModule.m in Sources */,
				BD267CCE180035F5005166A5 /* SBJsonWriter.m in Sources */,
				24DE9E1211C5FE74003F90F6 /* NetImthinkerTiAlternatejsonModuleAssets.m in Sources */,
				BD267CCA180035F5005166A5 /* SBJsonTokeniser.m in Sources */,
				BD267CB7180035F5005166A5 /* NSObject+SBJson.m in Sources */,
				BD267CC4180035F5005166A5 /* SBJsonStreamWriter.m in Sources */,
				BD267CBC180035F5005166A5 /* SBJsonStreamParser.m in Sources */,
				BD267CBA180035F5005166A5 /* SBJsonParser.m in Sources */,
				BD267CBE180035F5005166A5 /* SBJsonStreamParserAccumulator.m in Sources */,
				BD267CC2180035F5005166A5 /* SBJsonStreamParserState.m in Sources */,
				BD267CC6180035F5005166A5 /* SBJsonStreamWriterAccumulator.m in Sources */,
				BD267CC8180035F5005166A5 /* SBJsonStreamWriterState.m in Sources */,
				BD267CCC180035F5005166A5 /* SBJsonUTF8Stream.m in Sources */,
				BD5AB7701800273700116F0D /* JSONKit.m in Sources */,
				BD267CC0180035F5005166A5 /* SBJsonStreamParserAdapter.m in Sources */,
			);
			runOnlyForDeploymentPostprocessing = 0;
		};
/* End PBXSourcesBuildPhase section */

/* Begin PBXTargetDependency section */
		24416B8511C4CA280047AFDD /* PBXTargetDependency */ = {
			isa = PBXTargetDependency;
			target = D2AAC07D0554694100DB518D /* TiAlternateJSON */;
			targetProxy = 24416B8411C4CA280047AFDD /* PBXContainerItemProxy */;
		};
/* End PBXTargetDependency section */

/* Begin XCBuildConfiguration section */
		1DEB921F08733DC00010E9CD /* Debug */ = {
			isa = XCBuildConfiguration;
			baseConfigurationReference = 24DD6D1B1134B66800162E58 /* titanium.xcconfig */;
			buildSettings = {
				CODE_SIGN_IDENTITY = "iPhone Developer";
				"CODE_SIGN_IDENTITY[sdk=iphoneos*]" = "iPhone Developer";
				DSTROOT = /tmp/NetImthinkerTiAlternatejson.dst;
				GCC_C_LANGUAGE_STANDARD = c99;
				GCC_OPTIMIZATION_LEVEL = 0;
				GCC_PRECOMPILE_PREFIX_HEADER = YES;
				GCC_PREFIX_HEADER = NetImthinkerTiAlternatejson_Prefix.pch;
				GCC_PREPROCESSOR_DEFINITIONS = "TI_VERSION=$(TI_VERSION)";
				GCC_TREAT_WARNINGS_AS_ERRORS = NO;
				GCC_VERSION = "";
				GCC_WARN_ABOUT_RETURN_TYPE = NO;
				GCC_WARN_MISSING_PARENTHESES = NO;
				GCC_WARN_SHADOW = NO;
				GCC_WARN_STRICT_SELECTOR_MATCH = NO;
				GCC_WARN_UNUSED_FUNCTION = YES;
				GCC_WARN_UNUSED_PARAMETER = NO;
				GCC_WARN_UNUSED_VALUE = NO;
				GCC_WARN_UNUSED_VARIABLE = NO;
				INSTALL_PATH = /usr/local/lib;
				LIBRARY_SEARCH_PATHS = "";
				OTHER_CFLAGS = (
					"-DDEBUG",
					"-DTI_POST_1_2",
				);
				OTHER_LDFLAGS = "-ObjC";
				PRODUCT_NAME = NetImthinkerTiAlternatejson;
				PROVISIONING_PROFILE = "";
				"PROVISIONING_PROFILE[sdk=iphoneos*]" = "";
				RUN_CLANG_STATIC_ANALYZER = NO;
				SDKROOT = iphoneos;
				USER_HEADER_SEARCH_PATHS = "";
			};
			name = Debug;
		};
		1DEB922008733DC00010E9CD /* Release */ = {
			isa = XCBuildConfiguration;
			baseConfigurationReference = 24DD6D1B1134B66800162E58 /* titanium.xcconfig */;
			buildSettings = {
				ALWAYS_SEARCH_USER_PATHS = NO;
				DSTROOT = /tmp/NetImthinkerTiAlternatejson.dst;
				GCC_C_LANGUAGE_STANDARD = c99;
				GCC_MODEL_TUNING = G5;
				GCC_PRECOMPILE_PREFIX_HEADER = YES;
				GCC_PREFIX_HEADER = NetImthinkerTiAlternatejson_Prefix.pch;
				GCC_PREPROCESSOR_DEFINITIONS = "TI_VERSION=$(TI_VERSION)";
				GCC_TREAT_WARNINGS_AS_ERRORS = NO;
				GCC_VERSION = "";
				GCC_WARN_ABOUT_RETURN_TYPE = NO;
				GCC_WARN_MISSING_PARENTHESES = NO;
				GCC_WARN_SHADOW = NO;
				GCC_WARN_STRICT_SELECTOR_MATCH = NO;
				GCC_WARN_UNUSED_FUNCTION = YES;
				GCC_WARN_UNUSED_PARAMETER = NO;
				GCC_WARN_UNUSED_VALUE = NO;
				GCC_WARN_UNUSED_VARIABLE = NO;
				INSTALL_PATH = /usr/local/lib;
				IPHONEOS_DEPLOYMENT_TARGET = 4.0;
				LIBRARY_SEARCH_PATHS = "";
				OTHER_CFLAGS = "-DTI_POST_1_2";
				OTHER_LDFLAGS = "-ObjC";
				PRODUCT_NAME = NetImthinkerTiAlternatejson;
				RUN_CLANG_STATIC_ANALYZER = NO;
				SDKROOT = iphoneos;
				USER_HEADER_SEARCH_PATHS = "";
			};
			name = Release;
		};
		1DEB922308733DC00010E9CD /* Debug */ = {
			isa = XCBuildConfiguration;
			baseConfigurationReference = 24DD6D1B1134B66800162E58 /* titanium.xcconfig */;
			buildSettings = {
				CODE_SIGN_IDENTITY = "iPhone Developer";
				"CODE_SIGN_IDENTITY[sdk=iphoneos*]" = "iPhone Developer";
				DSTROOT = /tmp/NetImthinkerTiAlternatejson.dst;
				GCC_C_LANGUAGE_STANDARD = c99;
				GCC_OPTIMIZATION_LEVEL = 0;
				GCC_PRECOMPILE_PREFIX_HEADER = YES;
				GCC_PREFIX_HEADER = NetImthinkerTiAlternatejson_Prefix.pch;
				GCC_PREPROCESSOR_DEFINITIONS = "TI_VERSION=$(TI_VERSION)";
				GCC_TREAT_WARNINGS_AS_ERRORS = NO;
				GCC_VERSION = "";
				GCC_WARN_ABOUT_RETURN_TYPE = NO;
				GCC_WARN_MISSING_PARENTHESES = NO;
				GCC_WARN_SHADOW = NO;
				GCC_WARN_STRICT_SELECTOR_MATCH = NO;
				GCC_WARN_UNUSED_FUNCTION = YES;
				GCC_WARN_UNUSED_PARAMETER = NO;
				GCC_WARN_UNUSED_VALUE = NO;
				GCC_WARN_UNUSED_VARIABLE = NO;
				INSTALL_PATH = /usr/local/lib;
				IPHONEOS_DEPLOYMENT_TARGET = 5.0;
				ONLY_ACTIVE_ARCH = YES;
				OTHER_CFLAGS = (
					"-DDEBUG",
					"-DTI_POST_1_2",
				);
				OTHER_LDFLAGS = "-ObjC";
				PRODUCT_NAME = NetImthinkerTiAlternatejson;
				PROVISIONING_PROFILE = "";
				"PROVISIONING_PROFILE[sdk=iphoneos*]" = "";
				RUN_CLANG_STATIC_ANALYZER = NO;
				SDKROOT = iphoneos;
				USER_HEADER_SEARCH_PATHS = "";
			};
			name = Debug;
		};
		1DEB922408733DC00010E9CD /* Release */ = {
			isa = XCBuildConfiguration;
			baseConfigurationReference = 24DD6D1B1134B66800162E58 /* titanium.xcconfig */;
			buildSettings = {
				ALWAYS_SEARCH_USER_PATHS = NO;
				DSTROOT = /tmp/NetImthinkerTiAlternatejson.dst;
				GCC_C_LANGUAGE_STANDARD = c99;
				GCC_MODEL_TUNING = G5;
				GCC_PRECOMPILE_PREFIX_HEADER = YES;
				GCC_PREFIX_HEADER = NetImthinkerTiAlternatejson_Prefix.pch;
				GCC_PREPROCESSOR_DEFINITIONS = "TI_VERSION=$(TI_VERSION)";
				GCC_TREAT_WARNINGS_AS_ERRORS = NO;
				GCC_VERSION = "";
				GCC_WARN_ABOUT_RETURN_TYPE = NO;
				GCC_WARN_MISSING_PARENTHESES = NO;
				GCC_WARN_SHADOW = NO;
				GCC_WARN_STRICT_SELECTOR_MATCH = NO;
				GCC_WARN_UNUSED_FUNCTION = YES;
				GCC_WARN_UNUSED_PARAMETER = NO;
				GCC_WARN_UNUSED_VALUE = NO;
				GCC_WARN_UNUSED_VARIABLE = NO;
				INSTALL_PATH = /usr/local/lib;
				IPHONEOS_DEPLOYMENT_TARGET = 5.0;
				OTHER_CFLAGS = "-DTI_POST_1_2";
				OTHER_LDFLAGS = "-ObjC";
				PRODUCT_NAME = NetImthinkerTiAlternatejson;
				RUN_CLANG_STATIC_ANALYZER = NO;
				SDKROOT = iphoneos;
				USER_HEADER_SEARCH_PATHS = "";
			};
			name = Release;
		};
		24416B8211C4CA220047AFDD /* Debug */ = {
			isa = XCBuildConfiguration;
			baseConfigurationReference = 24DD6D1B1134B66800162E58 /* titanium.xcconfig */;
			buildSettings = {
				COPY_PHASE_STRIP = NO;
				GCC_DYNAMIC_NO_PIC = NO;
				GCC_OPTIMIZATION_LEVEL = 0;
				PRODUCT_NAME = "Build & test";
			};
			name = Debug;
		};
		24416B8311C4CA220047AFDD /* Release */ = {
			isa = XCBuildConfiguration;
			baseConfigurationReference = 24DD6D1B1134B66800162E58 /* titanium.xcconfig */;
			buildSettings = {
				COPY_PHASE_STRIP = YES;
				DEBUG_INFORMATION_FORMAT = "dwarf-with-dsym";
				GCC_ENABLE_FIX_AND_CONTINUE = NO;
				PRODUCT_NAME = "Build & test";
				ZERO_LINK = NO;
			};
			name = Release;
		};
/* End XCBuildConfiguration section */

/* Begin XCConfigurationList section */
		1DEB921E08733DC00010E9CD /* Build configuration list for PBXNativeTarget "TiAlternateJSON" */ = {
			isa = XCConfigurationList;
			buildConfigurations = (
				1DEB921F08733DC00010E9CD /* Debug */,
				1DEB922008733DC00010E9CD /* Release */,
			);
			defaultConfigurationIsVisible = 0;
			defaultConfigurationName = Release;
		};
		1DEB922208733DC00010E9CD /* Build configuration list for PBXProject "TiAlternateJSON" */ = {
			isa = XCConfigurationList;
			buildConfigurations = (
				1DEB922308733DC00010E9CD /* Debug */,
				1DEB922408733DC00010E9CD /* Release */,
			);
			defaultConfigurationIsVisible = 0;
			defaultConfigurationName = Release;
		};
		24416B8A11C4CA520047AFDD /* Build configuration list for PBXAggregateTarget "Build & Test" */ = {
			isa = XCConfigurationList;
			buildConfigurations = (
				24416B8211C4CA220047AFDD /* Debug */,
				24416B8311C4CA220047AFDD /* Release */,
			);
			defaultConfigurationIsVisible = 0;
			defaultConfigurationName = Release;
		};
/* End XCConfigurationList section */
	};
	rootObject = 0867D690FE84028FC02AAC07 /* Project object */;
}
